
Microsoft Visual Studio Solution File, Format Version 11.00
# Visual Studio Version 17

Project("{8BC9CEB8-8B4A-11D0-8D11-00A0C91BC942}") = "IRConvReverb - Standalone Plugin", "IRConvReverb_StandalonePlugin.vcxproj", "{20B0A775-7529-8E54-031E-1A190045E637}"
	ProjectSection(ProjectDependencies) = postProject
		{5D9CE972-743F-879C-9A50-A2CC4DBCE08E} = {5D9CE972-743F-879C-9A50-A2CC4DBCE08E}
	EndProjectSection
EndProject
Project("{8BC9CEB8-8B4A-11D0-8D11-00A0C91BC942}") = "IRConvReverb - VST3", "IRConvReverb_VST3.vcxproj", "{ACE2933D-5EDE-3825-4163-2BD3A48A05AB}"
	ProjectSection(ProjectDependencies) = postProject
		{5D9CE972-743F-879C-9A50-A2CC4DBCE08E} = {5D9CE972-743F-879C-9A50-A2CC4DBCE08E}
		{E6666334-7CD8-FBD2-795D-9A5A5E11EA58} = {E6666334-7CD8-FBD2-795D-9A5A5E11EA58}
	EndProjectSection
EndProject
Project("{8BC9CEB8-8B4A-11D0-8D11-00A0C91BC942}") = "IRConvReverb - Shared Code", "IRConvReverb_SharedCode.vcxproj", "{5D9CE972-743F-879C-9A50-A2CC4DBCE08E}"
EndProject
Project("{8BC9CEB8-8B4A-11D0-8D11-00A0C91BC942}") = "IRConvReverb - VST3 Manifest Helper", "IRConvReverb_VST3ManifestHelper.vcxproj", "{E6666334-7CD8-FBD2-795D-9A5A5E11EA58}"
EndProject
Global
	GlobalSection(SolutionConfigurationPlatforms) = preSolution
		Debug|x64 = Debug|x64
		Release|x64 = Release|x64
	EndGlobalSection
	GlobalSection(ProjectConfigurationPlatforms) = postSolution
		{ACE2933D-5EDE-3825-4163-2BD3A48A05AB}.Debug|x64.ActiveCfg = Debug|x64
		{ACE2933D-5EDE-3825-4163-2BD3A48A05AB}.Debug|x64.Build.0 = Debug|x64
		{ACE2933D-5EDE-3825-4163-2BD3A48A05AB}.Release|x64.ActiveCfg = Release|x64
		{ACE2933D-5EDE-3825-4163-2BD3A48A05AB}.Release|x64.Build.0 = Release|x64
		{20B0A775-7529-8E54-031E-1A190045E637}.Debug|x64.ActiveCfg = Debug|x64
		{20B0A775-7529-8E54-031E-1A190045E637}.Debug|x64.Build.0 = Debug|x64
		{20B0A775-7529-8E54-031E-1A190045E637}.Release|x64.ActiveCfg = Release|x64
		{20B0A775-7529-8E54-031E-1A190045E637}.Release|x64.Build.0 = Release|x64
		{5D9CE972-743F-879C-9A50-A2CC4DBCE08E}.Debug|x64.ActiveCfg = Debug|x64
		{5D9CE972-743F-879C-9A50-A2CC4DBCE08E}.Debug|x64.Build.0 = Debug|x64
		{5D9CE972-743F-879C-9A50-A2CC4DBCE08E}.Release|x64.ActiveCfg = Release|x64
		{5D9CE972-743F-879C-9A50-A2CC4DBCE08E}.Release|x64.Build.0 = Release|x64
		{E6666334-7CD8-FBD2-795D-9A5A5E11EA58}.Debug|x64.ActiveCfg = Debug|x64
		{E6666334-7CD8-FBD2-795D-9A5A5E11EA58}.Debug|x64.Build.0 = Debug|x64
		{E6666334-7CD8-FBD2-795D-9A5A5E11EA58}.Release|x64.ActiveCfg = Release|x64
		{E6666334-7CD8-FBD2-795D-9A5A5E11EA58}.Release|x64.Build.0 = Release|x64
	EndGlobalSection
	GlobalSection(SolutionProperties) = preSolution
		HideSolutionNode = FALSE
	EndGlobalSection
EndGlobal
